
Microsoft Visual Studio Solution File, Format Version 12.00
# Visual Studio Version 17
VisualStudioVersion = 17.0.31903.59
MinimumVisualStudioVersion = 10.0.40219.1
Project("{2150E333-8FDC-42A3-9474-1A3956D46DE8}") = "src", "src", "{04A29546-1300-49CA-9BC7-567A8248F7FD}"
EndProject
Project("{FAE04EC0-301F-11D3-BF4B-00C04F79EFBC}") = "console-scratch", "src\console-scratch\console-scratch.csproj", "{B734DC67-CE28-49D7-B6A7-C3D9BB3D390E}"
EndProject
Project("{FAE04EC0-301F-11D3-BF4B-00C04F79EFBC}") = "es-scratch", "src\es-scratch\es-scratch.csproj", "{C98CF767-626D-44BD-BA1B-D61B3C0A3EE3}"
EndProject
Project("{FAE04EC0-301F-11D3-BF4B-00C04F79EFBC}") = "newtonsoft-playpen", "src\newtonsoft-playpen\newtonsoft-playpen.csproj", "{A92C223F-8DB2-4507-906A-82C4856D0276}"
EndProject
Project("{FAE04EC0-301F-11D3-BF4B-00C04F79EFBC}") = "date-descending", "src\date-descending\date-descending.csproj", "{C732C107-EEB6-4C4D-9503-7AC742967897}"
EndProject
Project("{FAE04EC0-301F-11D3-BF4B-00C04F79EFBC}") = "aws-encr-sdk-mrk", "src\aws-encr-sdk-mrk\aws-encr-sdk-mrk.csproj", "{89432D9B-A9DD-4CAF-B028-F13C4E232147}"
EndProject
Project("{FAE04EC0-301F-11D3-BF4B-00C04F79EFBC}") = "multiple-eula-query", "src\multiple-eula-query\multiple-eula-query.csproj", "{0B1351F0-9FAE-4F46-8805-B3D1A7848E5D}"
EndProject
Project("{FAE04EC0-301F-11D3-BF4B-00C04F79EFBC}") = "scim-rsk-sample", "src\scim-rsk-sample\scim-rsk-sample.csproj", "{63BB604C-DADF-4826-9B88-7404C12CDB75}"
EndProject
Project("{FAE04EC0-301F-11D3-BF4B-00C04F79EFBC}") = "jwe-sample", "src\jwe-sample\jwe-sample.csproj", "{C3BE0E0B-6657-4583-BA53-61B677383AE5}"
EndProject
Project("{FAE04EC0-301F-11D3-BF4B-00C04F79EFBC}") = "xabaril-health-checks", "src\xabaril-health-checks\xabaril-health-checks.csproj", "{7F8976D5-CC73-4BD2-9505-27D08F380B61}"
EndProject
Project("{FAE04EC0-301F-11D3-BF4B-00C04F79EFBC}") = "es-aggregate-sample", "src\es-aggregate-sample\es-aggregate-sample.csproj", "{754E8A2C-FB20-49A9-9A86-3AC04F7724DB}"
EndProject
Project("{FAE04EC0-301F-11D3-BF4B-00C04F79EFBC}") = "marten-playpen", "src\marten-playpen\marten-playpen.csproj", "{A28235E0-CCD5-439B-BB97-38F60E8E9E12}"
EndProject
Project("{FAE04EC0-301F-11D3-BF4B-00C04F79EFBC}") = "client-ip-test", "src\client-ip-test\client-ip-test.csproj", "{41C623C9-7A67-4FAD-9554-B18C2B99974E}"
EndProject
Project("{FAE04EC0-301F-11D3-BF4B-00C04F79EFBC}") = "aspnet-serilog-sample", "src\aspnet-serilog-sample\aspnet-serilog-sample.csproj", "{1CC0ECC6-BEF7-4ACA-9066-502EF7B8B9AC}"
EndProject
Project("{FAE04EC0-301F-11D3-BF4B-00C04F79EFBC}") = "aspnet-grpc-service", "src\aspnet-grpc-service\aspnet-grpc-service.csproj", "{D86961A3-D93E-4240-800C-2F775E7EDEE6}"
EndProject
Project("{FAE04EC0-301F-11D3-BF4B-00C04F79EFBC}") = "aspnet7-docker", "src\aspnet7-docker\aspnet7-docker.csproj", "{AED5B788-D684-4D4A-BE8B-36C7D3D89C8A}"
EndProject
Project("{FAE04EC0-301F-11D3-BF4B-00C04F79EFBC}") = "epplus-scratch", "src\epplus-scratch\epplus-scratch.csproj", "{8D6CBA27-1280-4712-A235-2C064A6F898C}"
EndProject
Project("{FAE04EC0-301F-11D3-BF4B-00C04F79EFBC}") = "eod-historical-bulk-test", "src\eod-historical-bulk-test\eod-historical-bulk-test.csproj", "{548831E7-C83A-4780-9A11-C7E2DACEF039}"
EndProject
Project("{FAE04EC0-301F-11D3-BF4B-00C04F79EFBC}") = "google-recaptcha", "src\google-recaptcha\google-recaptcha.csproj", "{6EB3F364-EED2-4DBD-A75A-4F484A19E440}"
EndProject
Project("{FAE04EC0-301F-11D3-BF4B-00C04F79EFBC}") = "google-recaptcha-enterprise", "src\google-recaptcha-enterprise\google-recaptcha-enterprise.csproj", "{A3F13581-C56C-4A38-8F72-DDE05EE7908C}"
EndProject
Project("{FAE04EC0-301F-11D3-BF4B-00C04F79EFBC}") = "aspnetcoreratelimit-sample", "src\aspnetcoreratelimit-sample\aspnetcoreratelimit-sample.csproj", "{4892872C-B4CE-4AE4-B32B-C650D07C9B29}"
EndProject
Project("{FAE04EC0-301F-11D3-BF4B-00C04F79EFBC}") = "mongo-scratch", "src\mongo-scratch\mongo-scratch.csproj", "{42AF3822-8120-49DC-A269-91A4814A919D}"
EndProject
Project("{FAE04EC0-301F-11D3-BF4B-00C04F79EFBC}") = "ddd-sample", "src\ddd-sample\ddd-sample.csproj", "{C1AB3AF1-7757-42E2-9A56-8E9173D28A1E}"
EndProject
Project("{FAE04EC0-301F-11D3-BF4B-00C04F79EFBC}") = "linq-grouping", "src\linq-grouping\linq-grouping.csproj", "{01EFC00A-275D-4340-9D33-38DE6DE84BA2}"
EndProject
Project("{FAE04EC0-301F-11D3-BF4B-00C04F79EFBC}") = "is-scratch", "src\is-scratch\is-scratch.csproj", "{11EC36E2-02D3-4EBC-AF86-1A8501BAC15F}"
EndProject
Project("{FAE04EC0-301F-11D3-BF4B-00C04F79EFBC}") = "aws-ses-emailer", "src\aws-ses-emailer\aws-ses-emailer.csproj", "{92882F8B-D9E3-4248-BEFB-1DD8EBB4D92B}"
EndProject
Project("{FAE04EC0-301F-11D3-BF4B-00C04F79EFBC}") = "niit-api-client", "src\niit-api-client\niit-api-client.csproj", "{8D208562-1800-47DD-91BB-EA7E4B0F3AB2}"
EndProject
Project("{FAE04EC0-301F-11D3-BF4B-00C04F79EFBC}") = "akka-net-sample", "src\akka-net-sample\akka-net-sample.csproj", "{172461AF-7D03-4BEB-96F9-D9BB03E3D7FC}"
EndProject
Project("{2150E333-8FDC-42A3-9474-1A3956D46DE8}") = "Solution Items", "Solution Items", "{A23A6F38-E962-437E-AC5D-2639A1D3BFA3}"
	ProjectSection(SolutionItems) = preProject
		Directory.Build.props = Directory.Build.props
	EndProjectSection
EndProject
Project("{FAE04EC0-301F-11D3-BF4B-00C04F79EFBC}") = "otel-playpen", "src\otel-playpen\otel-playpen.csproj", "{23BCD33F-B321-40B0-8176-F91CCAD2B266}"
EndProject
Project("{FAE04EC0-301F-11D3-BF4B-00C04F79EFBC}") = "csharp-optional-monad", "src\csharp-optional-monad\csharp-optional-monad.csproj", "{B1D788D5-BFA3-4B97-88AF-251F069ADCEB}"
EndProject
Project("{FAE04EC0-301F-11D3-BF4B-00C04F79EFBC}") = "mongo-v3-linq-provider", "src\mongo-v3-linq-provider\mongo-v3-linq-provider.csproj", "{DBA715C3-3E39-48CC-9B38-9C868557483F}"
EndProject
Project("{FAE04EC0-301F-11D3-BF4B-00C04F79EFBC}") = "ncalc-playpen", "src\ncalc-playpen\ncalc-playpen.csproj", "{6F1BF22E-315B-41CE-8F5C-71C7A3FFCEDC}"
EndProject
Project("{FAE04EC0-301F-11D3-BF4B-00C04F79EFBC}") = "lazy-playpen", "src\lazy-playpen\lazy-playpen.csproj", "{4C366A60-0954-4113-9A99-086FFE35AA4B}"
EndProject
Project("{FAE04EC0-301F-11D3-BF4B-00C04F79EFBC}") = "concurrent-dictionary-updates", "src\concurrent-dictionary-updates\concurrent-dictionary-updates.csproj", "{75530DC3-7561-4E36-ABA8-2D16549FE528}"
EndProject
Project("{FAE04EC0-301F-11D3-BF4B-00C04F79EFBC}") = "tax-model", "src\tax-model\tax-model.csproj", "{3AB73426-C571-4985-8299-EFD7072F6AA5}"
EndProject
Global
	GlobalSection(SolutionConfigurationPlatforms) = preSolution
		Debug|Any CPU = Debug|Any CPU
		Release|Any CPU = Release|Any CPU
	EndGlobalSection
	GlobalSection(SolutionProperties) = preSolution
		HideSolutionNode = FALSE
	EndGlobalSection
	GlobalSection(ProjectConfigurationPlatforms) = postSolution
		{B734DC67-CE28-49D7-B6A7-C3D9BB3D390E}.Debug|Any CPU.ActiveCfg = Debug|Any CPU
		{B734DC67-CE28-49D7-B6A7-C3D9BB3D390E}.Debug|Any CPU.Build.0 = Debug|Any CPU
		{B734DC67-CE28-49D7-B6A7-C3D9BB3D390E}.Release|Any CPU.ActiveCfg = Release|Any CPU
		{B734DC67-CE28-49D7-B6A7-C3D9BB3D390E}.Release|Any CPU.Build.0 = Release|Any CPU
		{C98CF767-626D-44BD-BA1B-D61B3C0A3EE3}.Debug|Any CPU.ActiveCfg = Debug|Any CPU
		{C98CF767-626D-44BD-BA1B-D61B3C0A3EE3}.Debug|Any CPU.Build.0 = Debug|Any CPU
		{C98CF767-626D-44BD-BA1B-D61B3C0A3EE3}.Release|Any CPU.ActiveCfg = Release|Any CPU
		{C98CF767-626D-44BD-BA1B-D61B3C0A3EE3}.Release|Any CPU.Build.0 = Release|Any CPU
		{A92C223F-8DB2-4507-906A-82C4856D0276}.Debug|Any CPU.ActiveCfg = Debug|Any CPU
		{A92C223F-8DB2-4507-906A-82C4856D0276}.Debug|Any CPU.Build.0 = Debug|Any CPU
		{A92C223F-8DB2-4507-906A-82C4856D0276}.Release|Any CPU.ActiveCfg = Release|Any CPU
		{A92C223F-8DB2-4507-906A-82C4856D0276}.Release|Any CPU.Build.0 = Release|Any CPU
		{C732C107-EEB6-4C4D-9503-7AC742967897}.Debug|Any CPU.ActiveCfg = Debug|Any CPU
		{C732C107-EEB6-4C4D-9503-7AC742967897}.Debug|Any CPU.Build.0 = Debug|Any CPU
		{C732C107-EEB6-4C4D-9503-7AC742967897}.Release|Any CPU.ActiveCfg = Release|Any CPU
		{C732C107-EEB6-4C4D-9503-7AC742967897}.Release|Any CPU.Build.0 = Release|Any CPU
		{89432D9B-A9DD-4CAF-B028-F13C4E232147}.Debug|Any CPU.ActiveCfg = Debug|Any CPU
		{89432D9B-A9DD-4CAF-B028-F13C4E232147}.Debug|Any CPU.Build.0 = Debug|Any CPU
		{89432D9B-A9DD-4CAF-B028-F13C4E232147}.Release|Any CPU.ActiveCfg = Release|Any CPU
		{89432D9B-A9DD-4CAF-B028-F13C4E232147}.Release|Any CPU.Build.0 = Release|Any CPU
		{0B1351F0-9FAE-4F46-8805-B3D1A7848E5D}.Debug|Any CPU.ActiveCfg = Debug|Any CPU
		{0B1351F0-9FAE-4F46-8805-B3D1A7848E5D}.Debug|Any CPU.Build.0 = Debug|Any CPU
		{0B1351F0-9FAE-4F46-8805-B3D1A7848E5D}.Release|Any CPU.ActiveCfg = Release|Any CPU
		{0B1351F0-9FAE-4F46-8805-B3D1A7848E5D}.Release|Any CPU.Build.0 = Release|Any CPU
		{63BB604C-DADF-4826-9B88-7404C12CDB75}.Debug|Any CPU.ActiveCfg = Debug|Any CPU
		{63BB604C-DADF-4826-9B88-7404C12CDB75}.Debug|Any CPU.Build.0 = Debug|Any CPU
		{63BB604C-DADF-4826-9B88-7404C12CDB75}.Release|Any CPU.ActiveCfg = Release|Any CPU
		{63BB604C-DADF-4826-9B88-7404C12CDB75}.Release|Any CPU.Build.0 = Release|Any CPU
		{C3BE0E0B-6657-4583-BA53-61B677383AE5}.Debug|Any CPU.ActiveCfg = Debug|Any CPU
		{C3BE0E0B-6657-4583-BA53-61B677383AE5}.Debug|Any CPU.Build.0 = Debug|Any CPU
		{C3BE0E0B-6657-4583-BA53-61B677383AE5}.Release|Any CPU.ActiveCfg = Release|Any CPU
		{C3BE0E0B-6657-4583-BA53-61B677383AE5}.Release|Any CPU.Build.0 = Release|Any CPU
		{7F8976D5-CC73-4BD2-9505-27D08F380B61}.Debug|Any CPU.ActiveCfg = Debug|Any CPU
		{7F8976D5-CC73-4BD2-9505-27D08F380B61}.Debug|Any CPU.Build.0 = Debug|Any CPU
		{7F8976D5-CC73-4BD2-9505-27D08F380B61}.Release|Any CPU.ActiveCfg = Release|Any CPU
		{7F8976D5-CC73-4BD2-9505-27D08F380B61}.Release|Any CPU.Build.0 = Release|Any CPU
		{754E8A2C-FB20-49A9-9A86-3AC04F7724DB}.Debug|Any CPU.ActiveCfg = Debug|Any CPU
		{754E8A2C-FB20-49A9-9A86-3AC04F7724DB}.Debug|Any CPU.Build.0 = Debug|Any CPU
		{754E8A2C-FB20-49A9-9A86-3AC04F7724DB}.Release|Any CPU.ActiveCfg = Release|Any CPU
		{754E8A2C-FB20-49A9-9A86-3AC04F7724DB}.Release|Any CPU.Build.0 = Release|Any CPU
		{A28235E0-CCD5-439B-BB97-38F60E8E9E12}.Debug|Any CPU.ActiveCfg = Debug|Any CPU
		{A28235E0-CCD5-439B-BB97-38F60E8E9E12}.Debug|Any CPU.Build.0 = Debug|Any CPU
		{A28235E0-CCD5-439B-BB97-38F60E8E9E12}.Release|Any CPU.ActiveCfg = Release|Any CPU
		{A28235E0-CCD5-439B-BB97-38F60E8E9E12}.Release|Any CPU.Build.0 = Release|Any CPU
		{41C623C9-7A67-4FAD-9554-B18C2B99974E}.Debug|Any CPU.ActiveCfg = Debug|Any CPU
		{41C623C9-7A67-4FAD-9554-B18C2B99974E}.Debug|Any CPU.Build.0 = Debug|Any CPU
		{41C623C9-7A67-4FAD-9554-B18C2B99974E}.Release|Any CPU.ActiveCfg = Release|Any CPU
		{41C623C9-7A67-4FAD-9554-B18C2B99974E}.Release|Any CPU.Build.0 = Release|Any CPU
		{1CC0ECC6-BEF7-4ACA-9066-502EF7B8B9AC}.Debug|Any CPU.ActiveCfg = Debug|Any CPU
		{1CC0ECC6-BEF7-4ACA-9066-502EF7B8B9AC}.Debug|Any CPU.Build.0 = Debug|Any CPU
		{1CC0ECC6-BEF7-4ACA-9066-502EF7B8B9AC}.Release|Any CPU.ActiveCfg = Release|Any CPU
		{1CC0ECC6-BEF7-4ACA-9066-502EF7B8B9AC}.Release|Any CPU.Build.0 = Release|Any CPU
		{D86961A3-D93E-4240-800C-2F775E7EDEE6}.Debug|Any CPU.ActiveCfg = Debug|Any CPU
		{D86961A3-D93E-4240-800C-2F775E7EDEE6}.Debug|Any CPU.Build.0 = Debug|Any CPU
		{D86961A3-D93E-4240-800C-2F775E7EDEE6}.Release|Any CPU.ActiveCfg = Release|Any CPU
		{D86961A3-D93E-4240-800C-2F775E7EDEE6}.Release|Any CPU.Build.0 = Release|Any CPU
		{AED5B788-D684-4D4A-BE8B-36C7D3D89C8A}.Debug|Any CPU.ActiveCfg = Debug|Any CPU
		{AED5B788-D684-4D4A-BE8B-36C7D3D89C8A}.Debug|Any CPU.Build.0 = Debug|Any CPU
		{AED5B788-D684-4D4A-BE8B-36C7D3D89C8A}.Release|Any CPU.ActiveCfg = Release|Any CPU
		{AED5B788-D684-4D4A-BE8B-36C7D3D89C8A}.Release|Any CPU.Build.0 = Release|Any CPU
		{8D6CBA27-1280-4712-A235-2C064A6F898C}.Debug|Any CPU.ActiveCfg = Debug|Any CPU
		{8D6CBA27-1280-4712-A235-2C064A6F898C}.Debug|Any CPU.Build.0 = Debug|Any CPU
		{8D6CBA27-1280-4712-A235-2C064A6F898C}.Release|Any CPU.ActiveCfg = Release|Any CPU
		{8D6CBA27-1280-4712-A235-2C064A6F898C}.Release|Any CPU.Build.0 = Release|Any CPU
		{548831E7-C83A-4780-9A11-C7E2DACEF039}.Debug|Any CPU.ActiveCfg = Debug|Any CPU
		{548831E7-C83A-4780-9A11-C7E2DACEF039}.Debug|Any CPU.Build.0 = Debug|Any CPU
		{548831E7-C83A-4780-9A11-C7E2DACEF039}.Release|Any CPU.ActiveCfg = Release|Any CPU
		{548831E7-C83A-4780-9A11-C7E2DACEF039}.Release|Any CPU.Build.0 = Release|Any CPU
		{6EB3F364-EED2-4DBD-A75A-4F484A19E440}.Debug|Any CPU.ActiveCfg = Debug|Any CPU
		{6EB3F364-EED2-4DBD-A75A-4F484A19E440}.Debug|Any CPU.Build.0 = Debug|Any CPU
		{6EB3F364-EED2-4DBD-A75A-4F484A19E440}.Release|Any CPU.ActiveCfg = Release|Any CPU
		{6EB3F364-EED2-4DBD-A75A-4F484A19E440}.Release|Any CPU.Build.0 = Release|Any CPU
		{A3F13581-C56C-4A38-8F72-DDE05EE7908C}.Debug|Any CPU.ActiveCfg = Debug|Any CPU
		{A3F13581-C56C-4A38-8F72-DDE05EE7908C}.Debug|Any CPU.Build.0 = Debug|Any CPU
		{A3F13581-C56C-4A38-8F72-DDE05EE7908C}.Release|Any CPU.ActiveCfg = Release|Any CPU
		{A3F13581-C56C-4A38-8F72-DDE05EE7908C}.Release|Any CPU.Build.0 = Release|Any CPU
		{4892872C-B4CE-4AE4-B32B-C650D07C9B29}.Debug|Any CPU.ActiveCfg = Debug|Any CPU
		{4892872C-B4CE-4AE4-B32B-C650D07C9B29}.Debug|Any CPU.Build.0 = Debug|Any CPU
		{4892872C-B4CE-4AE4-B32B-C650D07C9B29}.Release|Any CPU.ActiveCfg = Release|Any CPU
		{4892872C-B4CE-4AE4-B32B-C650D07C9B29}.Release|Any CPU.Build.0 = Release|Any CPU
		{42AF3822-8120-49DC-A269-91A4814A919D}.Debug|Any CPU.ActiveCfg = Debug|Any CPU
		{42AF3822-8120-49DC-A269-91A4814A919D}.Debug|Any CPU.Build.0 = Debug|Any CPU
		{42AF3822-8120-49DC-A269-91A4814A919D}.Release|Any CPU.ActiveCfg = Release|Any CPU
		{42AF3822-8120-49DC-A269-91A4814A919D}.Release|Any CPU.Build.0 = Release|Any CPU
		{C1AB3AF1-7757-42E2-9A56-8E9173D28A1E}.Debug|Any CPU.ActiveCfg = Debug|Any CPU
		{C1AB3AF1-7757-42E2-9A56-8E9173D28A1E}.Debug|Any CPU.Build.0 = Debug|Any CPU
		{C1AB3AF1-7757-42E2-9A56-8E9173D28A1E}.Release|Any CPU.ActiveCfg = Release|Any CPU
		{C1AB3AF1-7757-42E2-9A56-8E9173D28A1E}.Release|Any CPU.Build.0 = Release|Any CPU
		{01EFC00A-275D-4340-9D33-38DE6DE84BA2}.Debug|Any CPU.ActiveCfg = Debug|Any CPU
		{01EFC00A-275D-4340-9D33-38DE6DE84BA2}.Debug|Any CPU.Build.0 = Debug|Any CPU
		{01EFC00A-275D-4340-9D33-38DE6DE84BA2}.Release|Any CPU.ActiveCfg = Release|Any CPU
		{01EFC00A-275D-4340-9D33-38DE6DE84BA2}.Release|Any CPU.Build.0 = Release|Any CPU
		{11EC36E2-02D3-4EBC-AF86-1A8501BAC15F}.Debug|Any CPU.ActiveCfg = Debug|Any CPU
		{11EC36E2-02D3-4EBC-AF86-1A8501BAC15F}.Debug|Any CPU.Build.0 = Debug|Any CPU
		{11EC36E2-02D3-4EBC-AF86-1A8501BAC15F}.Release|Any CPU.ActiveCfg = Release|Any CPU
		{11EC36E2-02D3-4EBC-AF86-1A8501BAC15F}.Release|Any CPU.Build.0 = Release|Any CPU
		{92882F8B-D9E3-4248-BEFB-1DD8EBB4D92B}.Debug|Any CPU.ActiveCfg = Debug|Any CPU
		{92882F8B-D9E3-4248-BEFB-1DD8EBB4D92B}.Debug|Any CPU.Build.0 = Debug|Any CPU
		{92882F8B-D9E3-4248-BEFB-1DD8EBB4D92B}.Release|Any CPU.ActiveCfg = Release|Any CPU
		{92882F8B-D9E3-4248-BEFB-1DD8EBB4D92B}.Release|Any CPU.Build.0 = Release|Any CPU
		{8D208562-1800-47DD-91BB-EA7E4B0F3AB2}.Debug|Any CPU.ActiveCfg = Debug|Any CPU
		{8D208562-1800-47DD-91BB-EA7E4B0F3AB2}.Debug|Any CPU.Build.0 = Debug|Any CPU
		{8D208562-1800-47DD-91BB-EA7E4B0F3AB2}.Release|Any CPU.ActiveCfg = Release|Any CPU
		{8D208562-1800-47DD-91BB-EA7E4B0F3AB2}.Release|Any CPU.Build.0 = Release|Any CPU
		{172461AF-7D03-4BEB-96F9-D9BB03E3D7FC}.Debug|Any CPU.ActiveCfg = Debug|Any CPU
		{172461AF-7D03-4BEB-96F9-D9BB03E3D7FC}.Debug|Any CPU.Build.0 = Debug|Any CPU
		{172461AF-7D03-4BEB-96F9-D9BB03E3D7FC}.Release|Any CPU.ActiveCfg = Release|Any CPU
		{172461AF-7D03-4BEB-96F9-D9BB03E3D7FC}.Release|Any CPU.Build.0 = Release|Any CPU
		{23BCD33F-B321-40B0-8176-F91CCAD2B266}.Debug|Any CPU.ActiveCfg = Debug|Any CPU
		{23BCD33F-B321-40B0-8176-F91CCAD2B266}.Debug|Any CPU.Build.0 = Debug|Any CPU
		{23BCD33F-B321-40B0-8176-F91CCAD2B266}.Release|Any CPU.ActiveCfg = Release|Any CPU
		{23BCD33F-B321-40B0-8176-F91CCAD2B266}.Release|Any CPU.Build.0 = Release|Any CPU
		{B1D788D5-BFA3-4B97-88AF-251F069ADCEB}.Debug|Any CPU.ActiveCfg = Debug|Any CPU
		{B1D788D5-BFA3-4B97-88AF-251F069ADCEB}.Debug|Any CPU.Build.0 = Debug|Any CPU
		{B1D788D5-BFA3-4B97-88AF-251F069ADCEB}.Release|Any CPU.ActiveCfg = Release|Any CPU
		{B1D788D5-BFA3-4B97-88AF-251F069ADCEB}.Release|Any CPU.Build.0 = Release|Any CPU
		{DBA715C3-3E39-48CC-9B38-9C868557483F}.Debug|Any CPU.ActiveCfg = Debug|Any CPU
		{DBA715C3-3E39-48CC-9B38-9C868557483F}.Debug|Any CPU.Build.0 = Debug|Any CPU
		{DBA715C3-3E39-48CC-9B38-9C868557483F}.Release|Any CPU.ActiveCfg = Release|Any CPU
		{DBA715C3-3E39-48CC-9B38-9C868557483F}.Release|Any CPU.Build.0 = Release|Any CPU
		{6F1BF22E-315B-41CE-8F5C-71C7A3FFCEDC}.Debug|Any CPU.ActiveCfg = Debug|Any CPU
		{6F1BF22E-315B-41CE-8F5C-71C7A3FFCEDC}.Debug|Any CPU.Build.0 = Debug|Any CPU
		{6F1BF22E-315B-41CE-8F5C-71C7A3FFCEDC}.Release|Any CPU.ActiveCfg = Release|Any CPU
		{6F1BF22E-315B-41CE-8F5C-71C7A3FFCEDC}.Release|Any CPU.Build.0 = Release|Any CPU
		{4C366A60-0954-4113-9A99-086FFE35AA4B}.Debug|Any CPU.ActiveCfg = Debug|Any CPU
		{4C366A60-0954-4113-9A99-086FFE35AA4B}.Debug|Any CPU.Build.0 = Debug|Any CPU
		{4C366A60-0954-4113-9A99-086FFE35AA4B}.Release|Any CPU.ActiveCfg = Release|Any CPU
		{4C366A60-0954-4113-9A99-086FFE35AA4B}.Release|Any CPU.Build.0 = Release|Any CPU
		{75530DC3-7561-4E36-ABA8-2D16549FE528}.Debug|Any CPU.ActiveCfg = Debug|Any CPU
		{75530DC3-7561-4E36-ABA8-2D16549FE528}.Debug|Any CPU.Build.0 = Debug|Any CPU
		{75530DC3-7561-4E36-ABA8-2D16549FE528}.Release|Any CPU.ActiveCfg = Release|Any CPU
		{75530DC3-7561-4E36-ABA8-2D16549FE528}.Release|Any CPU.Build.0 = Release|Any CPU
		{3AB73426-C571-4985-8299-EFD7072F6AA5}.Debug|Any CPU.ActiveCfg = Debug|Any CPU
		{3AB73426-C571-4985-8299-EFD7072F6AA5}.Debug|Any CPU.Build.0 = Debug|Any CPU
		{3AB73426-C571-4985-8299-EFD7072F6AA5}.Release|Any CPU.ActiveCfg = Release|Any CPU
		{3AB73426-C571-4985-8299-EFD7072F6AA5}.Release|Any CPU.Build.0 = Release|Any CPU
	EndGlobalSection
	GlobalSection(NestedProjects) = preSolution
		{B734DC67-CE28-49D7-B6A7-C3D9BB3D390E} = {04A29546-1300-49CA-9BC7-567A8248F7FD}
		{C98CF767-626D-44BD-BA1B-D61B3C0A3EE3} = {04A29546-1300-49CA-9BC7-567A8248F7FD}
		{A92C223F-8DB2-4507-906A-82C4856D0276} = {04A29546-1300-49CA-9BC7-567A8248F7FD}
		{C732C107-EEB6-4C4D-9503-7AC742967897} = {04A29546-1300-49CA-9BC7-567A8248F7FD}
		{89432D9B-A9DD-4CAF-B028-F13C4E232147} = {04A29546-1300-49CA-9BC7-567A8248F7FD}
		{0B1351F0-9FAE-4F46-8805-B3D1A7848E5D} = {04A29546-1300-49CA-9BC7-567A8248F7FD}
		{63BB604C-DADF-4826-9B88-7404C12CDB75} = {04A29546-1300-49CA-9BC7-567A8248F7FD}
		{C3BE0E0B-6657-4583-BA53-61B677383AE5} = {04A29546-1300-49CA-9BC7-567A8248F7FD}
		{7F8976D5-CC73-4BD2-9505-27D08F380B61} = {04A29546-1300-49CA-9BC7-567A8248F7FD}
		{754E8A2C-FB20-49A9-9A86-3AC04F7724DB} = {04A29546-1300-49CA-9BC7-567A8248F7FD}
		{A28235E0-CCD5-439B-BB97-38F60E8E9E12} = {04A29546-1300-49CA-9BC7-567A8248F7FD}
		{41C623C9-7A67-4FAD-9554-B18C2B99974E} = {04A29546-1300-49CA-9BC7-567A8248F7FD}
		{1CC0ECC6-BEF7-4ACA-9066-502EF7B8B9AC} = {04A29546-1300-49CA-9BC7-567A8248F7FD}
		{D86961A3-D93E-4240-800C-2F775E7EDEE6} = {04A29546-1300-49CA-9BC7-567A8248F7FD}
		{AED5B788-D684-4D4A-BE8B-36C7D3D89C8A} = {04A29546-1300-49CA-9BC7-567A8248F7FD}
		{8D6CBA27-1280-4712-A235-2C064A6F898C} = {04A29546-1300-49CA-9BC7-567A8248F7FD}
		{548831E7-C83A-4780-9A11-C7E2DACEF039} = {04A29546-1300-49CA-9BC7-567A8248F7FD}
		{6EB3F364-EED2-4DBD-A75A-4F484A19E440} = {04A29546-1300-49CA-9BC7-567A8248F7FD}
		{A3F13581-C56C-4A38-8F72-DDE05EE7908C} = {04A29546-1300-49CA-9BC7-567A8248F7FD}
		{4892872C-B4CE-4AE4-B32B-C650D07C9B29} = {04A29546-1300-49CA-9BC7-567A8248F7FD}
		{42AF3822-8120-49DC-A269-91A4814A919D} = {04A29546-1300-49CA-9BC7-567A8248F7FD}
		{C1AB3AF1-7757-42E2-9A56-8E9173D28A1E} = {04A29546-1300-49CA-9BC7-567A8248F7FD}
		{01EFC00A-275D-4340-9D33-38DE6DE84BA2} = {04A29546-1300-49CA-9BC7-567A8248F7FD}
		{11EC36E2-02D3-4EBC-AF86-1A8501BAC15F} = {04A29546-1300-49CA-9BC7-567A8248F7FD}
		{92882F8B-D9E3-4248-BEFB-1DD8EBB4D92B} = {04A29546-1300-49CA-9BC7-567A8248F7FD}
		{8D208562-1800-47DD-91BB-EA7E4B0F3AB2} = {04A29546-1300-49CA-9BC7-567A8248F7FD}
		{172461AF-7D03-4BEB-96F9-D9BB03E3D7FC} = {04A29546-1300-49CA-9BC7-567A8248F7FD}
		{23BCD33F-B321-40B0-8176-F91CCAD2B266} = {04A29546-1300-49CA-9BC7-567A8248F7FD}
		{B1D788D5-BFA3-4B97-88AF-251F069ADCEB} = {04A29546-1300-49CA-9BC7-567A8248F7FD}
		{DBA715C3-3E39-48CC-9B38-9C868557483F} = {04A29546-1300-49CA-9BC7-567A8248F7FD}
		{6F1BF22E-315B-41CE-8F5C-71C7A3FFCEDC} = {04A29546-1300-49CA-9BC7-567A8248F7FD}
		{4C366A60-0954-4113-9A99-086FFE35AA4B} = {04A29546-1300-49CA-9BC7-567A8248F7FD}
		{75530DC3-7561-4E36-ABA8-2D16549FE528} = {04A29546-1300-49CA-9BC7-567A8248F7FD}
		{3AB73426-C571-4985-8299-EFD7072F6AA5} = {04A29546-1300-49CA-9BC7-567A8248F7FD}
	EndGlobalSection
EndGlobal
